
Microsoft Visual Studio Solution File, Format Version 12.00
# Visual Studio 15
VisualStudioVersion = 15.0.28307.960
MinimumVisualStudioVersion = 10.0.40219.1
Project("{FAE04EC0-301F-11D3-BF4B-00C04F79EFBC}") = "Rocket.PdfGenerator", "Rocket.PdfGenerator\Rocket.PdfGenerator.csproj", "{9F48B93D-0204-43FD-BE1F-0FD5752FF123}"
EndProject
Project("{9A19103F-16F7-4668-BE54-9A1E7A4F7556}") = "Rocket.PdfGenerator.Tests", "Rocket.PdfGenerator.Tests\Rocket.PdfGenerator.Tests.csproj", "{885431F5-D41F-49DA-A8D3-FF5FCA06D508}"
EndProject
Global
	GlobalSection(SolutionConfigurationPlatforms) = preSolution
		Debug|Any CPU = Debug|Any CPU
		Release|Any CPU = Release|Any CPU
	EndGlobalSection
	GlobalSection(ProjectConfigurationPlatforms) = postSolution
		{9F48B93D-0204-43FD-BE1F-0FD5752FF123}.Debug|Any CPU.ActiveCfg = Debug|Any CPU
		{9F48B93D-0204-43FD-BE1F-0FD5752FF123}.Debug|Any CPU.Build.0 = Debug|Any CPU
		{9F48B93D-0204-43FD-BE1F-0FD5752FF123}.Release|Any CPU.ActiveCfg = Release|Any CPU
		{9F48B93D-0204-43FD-BE1F-0FD5752FF123}.Release|Any CPU.Build.0 = Release|Any CPU
		{885431F5-D41F-49DA-A8D3-FF5FCA06D508}.Debug|Any CPU.ActiveCfg = Debug|Any CPU
		{885431F5-D41F-49DA-A8D3-FF5FCA06D508}.Debug|Any CPU.Build.0 = Debug|Any CPU
		{885431F5-D41F-49DA-A8D3-FF5FCA06D508}.Release|Any CPU.ActiveCfg = Release|Any CPU
		{885431F5-D41F-49DA-A8D3-FF5FCA06D508}.Release|Any CPU.Build.0 = Release|Any CPU
	EndGlobalSection
	GlobalSection(SolutionProperties) = preSolution
		HideSolutionNode = FALSE
	EndGlobalSection
	GlobalSection(ExtensibilityGlobals) = postSolution
		SolutionGuid = {637918D5-D102-4BD2-8B0F-EEB67A42A08E}
	EndGlobalSection
EndGlobal
